
Microsoft Visual Studio Solution File, Format Version 12.00
# Visual Studio Version 17
VisualStudioVersion = 17.11.35327.3
MinimumVisualStudioVersion = 10.0.40219.1
Project("{FAE04EC0-301F-11D3-BF4B-00C04F79EFBC}") = "Nanobot-Build-And-Repair-System", "Nanobot-Build-And-Repair-System.csproj", "{2FEE52DE-BF83-4847-9EC4-B21E993FC362}"
EndProject
Global
	GlobalSection(SolutionConfigurationPlatforms) = preSolution
		Debug|Any CPU = Debug|Any CPU
		Release|Any CPU = Release|Any CPU
	EndGlobalSection
	GlobalSection(ProjectConfigurationPlatforms) = postSolution
		{2FEE52DE-BF83-4847-9EC4-B21E993FC362}.Debug|Any CPU.ActiveCfg = Debug|Any CPU
		{2FEE52DE-BF83-4847-9EC4-B21E993FC362}.Debug|Any CPU.Build.0 = Debug|Any CPU
		{2FEE52DE-BF83-4847-9EC4-B21E993FC362}.Release|Any CPU.ActiveCfg = Release|Any CPU
		{2FEE52DE-BF83-4847-9EC4-B21E993FC362}.Release|Any CPU.Build.0 = Release|Any CPU
	EndGlobalSection
	GlobalSection(SolutionProperties) = preSolution
		HideSolutionNode = FALSE
	EndGlobalSection
	GlobalSection(ExtensibilityGlobals) = postSolution
		SolutionGuid = {29BE32F8-CA20-462A-AD46-E0227CFBFC22}
	EndGlobalSection
EndGlobal
